{
  "version": 4,
  "terraform_version": "1.15.3",
  "serial": 65,
  "lineage": "8b400a5f-a3a4-041e-5ea0-e49d6c5bcc2c",
  "outputs": {
    "eks_node_private_key": {
      "value": "-----BEGIN RSA PRIVATE KEY-----\nMIIEpAIBAAKCAQEAreuHiQU2pIdQa9IVL+mPB8NDd9a0iIcqGLt/bW42k3lFnefU\n4dDFwIJ03ycqaF60X19UDlyeAiSpf1hrCZilaqJmVwbWjF46D50cR1brCBy6ijpH\nrUwLcfpMX+DDEJussH+y1NRzeM5+f9aGvTPiUMZ4oH2Z9dxe7qEz/K9CE7rBIoPN\nPUIjvxlDqaBoQUqFoO4Su/DRYWCT7vnr5AgqOhjz+3otAZ6Z47I7rCz0UC9ty61N\niAgdrRp6yQxuWDWZmrXi96fmU3MDk/lkBk32ppRc8Vjuy8ew7gif4wpPUYlbAMS3\n52BHO4vG2F7/axou3PaXLL9Ml12e1GJcptecaQIDAQABAoIBAAkiVfhyyAksLXjt\nE0SQ3NHqfs9XmXIFhQ4VlfO+hLGYcBWC6oqxWOJWCXEz+3A/ttdNAVejFip2UQTQ\nputdtuuo9JkgQxcjZNx2u7wWUiVeiOP1CbvjNLUe5o2g+tE93nwDOcut1WmWAr9X\nRNHBXKn4z9NcpyOGpm+4vY7Xa/cLxOMJk6lb8MeemTJZIhJ44wlwkCRnKUcuyO4R\ncqifM+yDEdtpJgOU/QraKXEAkTPqqc/LVbrMXqREg0rIVIS3/tlDyrNNkslbuG+O\nnY2K8MU07QVb1A7CcuzwXrOdECUiOdsWIu8wOry9RtzE5P1AxjOaOINbDfmMZBQq\nOg0g4M8CgYEA1QCKuIgkLLm0tYqyVrbgnW4bVCwjqfVTcds8kzC6VpWHWEhzsb0q\nVzTehUTE+AMNyFCiIKEybZeozIwoxDBowE0C+98Ugj8M76iweXWvLwzwHhqW2syb\n1j3ZimUqYOJNUNg/6c9OJhZoYq8VNFKrzmo/kJb0u8iRh7fp2uRT+xcCgYEA0QdQ\n2NKVTu4AjZIzlV6Tbdub+OvCATRBhNXXtm86CPeec7gfs2VzzhKDesywnZRua0nL\no7ZlUlreAoBE/0BCwnV0fr80T3QatVY/NdBgwmhbTWQzU6gUelzE8CoGPrjGC9Im\n0PqTm6qPfGNaZbR/wVyW7YKpxzgP/JNF2DAZ1H8CgYEAupGq8E9vQC25d3pxEztE\nKyESlvvCkU/tM0FRIawAy25WCqILlJeYyqHodtrxnDswi1D1cZdAUHYSyHfMDWxJ\nlIbgIjYYBK2taw5a5UiLla7Dc9reX+/wYAv0zCAoqowOJM4FzYpjbUEbVbT94cK3\n8ilmXAOdgg4AStxw3eY5GSkCgYEAsov5NvvJpb4Oot77SN+cNv6bYCihcr3cKUcw\nFxkzDW3V3yqriWVjYebWgBJP2oprNyG13IV0TsBnWuOODCor3EbP12QjnqqiFbsy\nCxmPTQAu3RB190NfGpYbcrmy0+io4ngDyAYCB7nNDocfNDjV16jrEr3Fn/H3VdvG\nkT+lEKkCgYB9nG56o2D/nZt86/mVYT9KG/ccfY43J5G4uhbRBi8A+b8Ln1olbeeV\n1zjbhIxcpe5DhJs5Ecedtb/INuBcnKCtCGzKHWTUt+DWWgj3b66WLALQw+kwiwaG\nD7FG/mLYd5fmSntkkU608MBNAJvF2m5iRUNK5gGgZIA/T6c7VFIADQ==\n-----END RSA PRIVATE KEY-----\n",
      "type": "string",
      "sensitive": true
    },
    "eks_node_private_key_file_content": {
      "value": "-----BEGIN RSA PRIVATE KEY-----\nMIIEpAIBAAKCAQEAreuHiQU2pIdQa9IVL+mPB8NDd9a0iIcqGLt/bW42k3lFnefU\n4dDFwIJ03ycqaF60X19UDlyeAiSpf1hrCZilaqJmVwbWjF46D50cR1brCBy6ijpH\nrUwLcfpMX+DDEJussH+y1NRzeM5+f9aGvTPiUMZ4oH2Z9dxe7qEz/K9CE7rBIoPN\nPUIjvxlDqaBoQUqFoO4Su/DRYWCT7vnr5AgqOhjz+3otAZ6Z47I7rCz0UC9ty61N\niAgdrRp6yQxuWDWZmrXi96fmU3MDk/lkBk32ppRc8Vjuy8ew7gif4wpPUYlbAMS3\n52BHO4vG2F7/axou3PaXLL9Ml12e1GJcptecaQIDAQABAoIBAAkiVfhyyAksLXjt\nE0SQ3NHqfs9XmXIFhQ4VlfO+hLGYcBWC6oqxWOJWCXEz+3A/ttdNAVejFip2UQTQ\nputdtuuo9JkgQxcjZNx2u7wWUiVeiOP1CbvjNLUe5o2g+tE93nwDOcut1WmWAr9X\nRNHBXKn4z9NcpyOGpm+4vY7Xa/cLxOMJk6lb8MeemTJZIhJ44wlwkCRnKUcuyO4R\ncqifM+yDEdtpJgOU/QraKXEAkTPqqc/LVbrMXqREg0rIVIS3/tlDyrNNkslbuG+O\nnY2K8MU07QVb1A7CcuzwXrOdECUiOdsWIu8wOry9RtzE5P1AxjOaOINbDfmMZBQq\nOg0g4M8CgYEA1QCKuIgkLLm0tYqyVrbgnW4bVCwjqfVTcds8kzC6VpWHWEhzsb0q\nVzTehUTE+AMNyFCiIKEybZeozIwoxDBowE0C+98Ugj8M76iweXWvLwzwHhqW2syb\n1j3ZimUqYOJNUNg/6c9OJhZoYq8VNFKrzmo/kJb0u8iRh7fp2uRT+xcCgYEA0QdQ\n2NKVTu4AjZIzlV6Tbdub+OvCATRBhNXXtm86CPeec7gfs2VzzhKDesywnZRua0nL\no7ZlUlreAoBE/0BCwnV0fr80T3QatVY/NdBgwmhbTWQzU6gUelzE8CoGPrjGC9Im\n0PqTm6qPfGNaZbR/wVyW7YKpxzgP/JNF2DAZ1H8CgYEAupGq8E9vQC25d3pxEztE\nKyESlvvCkU/tM0FRIawAy25WCqILlJeYyqHodtrxnDswi1D1cZdAUHYSyHfMDWxJ\nlIbgIjYYBK2taw5a5UiLla7Dc9reX+/wYAv0zCAoqowOJM4FzYpjbUEbVbT94cK3\n8ilmXAOdgg4AStxw3eY5GSkCgYEAsov5NvvJpb4Oot77SN+cNv6bYCihcr3cKUcw\nFxkzDW3V3yqriWVjYebWgBJP2oprNyG13IV0TsBnWuOODCor3EbP12QjnqqiFbsy\nCxmPTQAu3RB190NfGpYbcrmy0+io4ngDyAYCB7nNDocfNDjV16jrEr3Fn/H3VdvG\nkT+lEKkCgYB9nG56o2D/nZt86/mVYT9KG/ccfY43J5G4uhbRBi8A+b8Ln1olbeeV\n1zjbhIxcpe5DhJs5Ecedtb/INuBcnKCtCGzKHWTUt+DWWgj3b66WLALQw+kwiwaG\nD7FG/mLYd5fmSntkkU608MBNAJvF2m5iRUNK5gGgZIA/T6c7VFIADQ==\n-----END RSA PRIVATE KEY-----\n",
      "type": "string",
      "sensitive": true
    },
    "jenkins_public_ip": {
      "value": "100.52.177.247",
      "type": "string"
    }
  },
  "resources": [
    {
      "mode": "managed",
      "type": "aws_eip",
      "name": "nat",
      "provider": "provider[\"registry.terraform.io/hashicorp/aws\"]",
      "instances": [
        {
          "schema_version": 0,
          "attributes": {
            "address": null,
            "allocation_id": "eipalloc-0f0af476672abce79",
            "arn": "arn:aws:ec2:us-east-1:938064475800:elastic-ip/eipalloc-0f0af476672abce79",
            "associate_with_private_ip": null,
            "association_id": "eipassoc-0693e6aecf5412f78",
            "carrier_ip": "",
            "customer_owned_ip": "",
            "customer_owned_ipv4_pool": "",
            "domain": "vpc",
            "id": "eipalloc-0f0af476672abce79",
            "instance": "",
            "ipam_pool_id": null,
            "network_border_group": "us-east-1",
            "network_interface": "eni-0041bc8ee5d65b60b",
            "private_dns": "ip-10-0-1-64.ec2.internal",
            "private_ip": "10.0.1.64",
            "ptr_record": "",
            "public_dns": "ec2-44-196-179-157.compute-1.amazonaws.com",
            "public_ip": "44.196.179.157",
            "public_ipv4_pool": "amazon",
            "tags": {
              "Name": "nat-eip"
            },
            "tags_all": {
              "Name": "nat-eip"
            },
            "timeouts": null,
            "vpc": true
          },
          "sensitive_attributes": [],
          "identity_schema_version": 0,
          "private": "eyJlMmJmYjczMC1lY2FhLTExZTYtOGY4OC0zNDM2M2JjN2M0YzAiOnsiZGVsZXRlIjoxODAwMDAwMDAwMDAsInJlYWQiOjkwMDAwMDAwMDAwMCwidXBkYXRlIjozMDAwMDAwMDAwMDB9fQ=="
        }
      ]
    },
    {
      "mode": "managed",
      "type": "aws_eks_cluster",
      "name": "main",
      "provider": "provider[\"registry.terraform.io/hashicorp/aws\"]",
      "instances": [
        {
          "schema_version": 1,
          "attributes": {
            "access_config": [
              {
                "authentication_mode": "CONFIG_MAP",
                "bootstrap_cluster_creator_admin_permissions": true
              }
            ],
            "arn": "arn:aws:eks:us-east-1:938064475800:cluster/main-eks-cluster",
            "bootstrap_self_managed_addons": true,
            "certificate_authority": [
              {
                "data": "LS0tLS1CRUdJTiBDRVJUSUZJQ0FURS0tLS0tCk1JSURCVENDQWUyZ0F3SUJBZ0lJSjdZTzdGb3ltMDB3RFFZSktvWklodmNOQVFFTEJRQXdGVEVUTUJFR0ExVUUKQXhNS2EzVmlaWEp1WlhSbGN6QWVGdzB5TmpBMU1qQXhNRFUyTkROYUZ3MHpOakExTVRjeE1UQXhORE5hTUJVeApFekFSQmdOVkJBTVRDbXQxWW1WeWJtVjBaWE13Z2dFaU1BMEdDU3FHU0liM0RRRUJBUVVBQTRJQkR3QXdnZ0VLCkFvSUJBUUM1YW5ORjl5S1ZqMDlPUTRxcG5zOFJJNkQzM3J5T1ltZnM3SWt6bzcwWkgraUs0OWtodzMreFZibXgKZ0VNS1NjbjFNSnBmWllGeHg4SW8rMmVobXNEWTNrd3NZK3I3RkZOcWhRUVUwK0NmMUNzdnZMTWhoMCtLSWdEVQpkZHRFQVN3NEZhY1NkL0pVRk1hSkRUK0hHa3daU0NwK3lMUlBUclV5OHhsZlIzZ3E2c3VYaG1KVUgrRWRFZXh3CmdCQnl5eitZblFZN28xcGMyTEZKdkFBTWRMZit3a3BsSmpYNkFuUVNwSFJMYytoWFVZdmc1TUlPK01vUkY0ZjkKbWRQRHMzWkgyeHdzRDk0VnRQaDRjS0JSdlNMd05zWnNJK0lIdGFTcXExSmZDYWlFQ1k3VCtuUjE0REtUTmNrMgo2NG54L004eDRwMXlmbHArZUJIUEhDdGpMQyt6QWdNQkFBR2pXVEJYTUE0R0ExVWREd0VCL3dRRUF3SUNwREFQCkJnTlZIUk1CQWY4RUJUQURBUUgvTUIwR0ExVWREZ1FXQkJTeGN1dEt1U1E3SGNBMWVoaldzc3B0ZTk5SlBqQVYKQmdOVkhSRUVEakFNZ2dwcmRXSmxjbTVsZEdWek1BMEdDU3FHU0liM0RRRUJDd1VBQTRJQkFRQm0zeXdTYkpWMQpYNXF5aWdWMk5WNVl1OFV0c3RIT09OdVI2QktidGR0V2E0OWk4aTFrUGlFcnpSUGNuVzFJZForVVFBQ1pEdUhXCklBeU5nYjNYNFh4VzRDaUE2dXJDdmNUM1djaUFuaEo0V1lQL013c0hua3JTSk5SSXhaSHFpejJRUkRTVXFnMysKSFBDTEtsVHRRRC9QMzEyTGhFWnRvb0dNNkFMRWRybVhsSy9xY0lnMUlBYkpYYlRsVFRkaXhYYlVTZTJwbW1oWQpGdjc2TlpmK3o1NnIvMmRpcU85cDFXVkZZSG8xbFVqbXRtdjlLVHhFZnN6MmljTFlpb0ZyYlJ4OHFEc2RRWDFrClpvbVBaY0ZESkdvRTk4VW9ua0lYalFjWk56MnZGeUVpL253NzBTUm11SFB4cnhseHZ4a3Zja3BmSjVCNlFrZ1YKVk5NNVpZWDNnRWtpCi0tLS0tRU5EIENFUlRJRklDQVRFLS0tLS0K"
              }
            ],
            "cluster_id": null,
            "compute_config": [],
            "created_at": "2026-05-20T10:55:55Z",
            "enabled_cluster_log_types": [],
            "encryption_config": [],
            "endpoint": "https://05D7B1459FF75D76A7046A2AEBAF8B10.gr7.us-east-1.eks.amazonaws.com",
            "force_update_version": null,
            "id": "main-eks-cluster",
            "identity": [
              {
                "oidc": [
                  {
                    "issuer": "https://oidc.eks.us-east-1.amazonaws.com/id/05D7B1459FF75D76A7046A2AEBAF8B10"
                  }
                ]
              }
            ],
            "kubernetes_network_config": [
              {
                "elastic_load_balancing": [
                  {
                    "enabled": false
                  }
                ],
                "ip_family": "ipv4",
                "service_ipv4_cidr": "172.20.0.0/16",
                "service_ipv6_cidr": ""
              }
            ],
            "name": "main-eks-cluster",
            "outpost_config": [],
            "platform_version": "eks.60",
            "remote_network_config": [],
            "role_arn": "arn:aws:iam::938064475800:role/eks-cluster-role",
            "status": "ACTIVE",
            "storage_config": [],
            "tags": {
              "Name": "main-eks-cluster"
            },
            "tags_all": {
              "Name": "main-eks-cluster"
            },
            "timeouts": null,
            "upgrade_policy": [
              {
                "support_type": "EXTENDED"
              }
            ],
            "version": "1.31",
            "vpc_config": [
              {
                "cluster_security_group_id": "sg-090d83f860120beb8",
                "endpoint_private_access": true,
                "endpoint_public_access": true,
                "public_access_cidrs": [
                  "0.0.0.0/0"
                ],
                "security_group_ids": [
                  "sg-02b178c69c191cb3b"
                ],
                "subnet_ids": [
                  "subnet-039c089b1619f85b7",
                  "subnet-0c869c411d8a5cc32"
                ],
                "vpc_id": "vpc-0253da50591d83124"
              }
            ],
            "zonal_shift_config": []
          },
          "sensitive_attributes": [],
          "identity_schema_version": 0,
          "private": "eyJlMmJmYjczMC1lY2FhLTExZTYtOGY4OC0zNDM2M2JjN2M0YzAiOnsiY3JlYXRlIjoxODAwMDAwMDAwMDAwLCJkZWxldGUiOjkwMDAwMDAwMDAwMCwidXBkYXRlIjozNjAwMDAwMDAwMDAwfSwic2NoZW1hX3ZlcnNpb24iOiIxIn0=",
          "dependencies": [
            "aws_iam_role.eks_cluster",
            "aws_iam_role_policy_attachment.eks_cluster_AmazonEKSClusterPolicy",
            "aws_iam_role_policy_attachment.eks_cluster_AmazonEKSServicePolicy",
            "aws_security_group.eks_cluster",
            "aws_subnet.private_a",
            "aws_subnet.private_b",
            "aws_vpc.main"
          ]
        }
      ]
    },
    {
      "mode": "managed",
      "type": "aws_eks_node_group",
      "name": "main",
      "provider": "provider[\"registry.terraform.io/hashicorp/aws\"]",
      "instances": [
        {
          "schema_version": 0,
          "attributes": {
            "ami_type": "AL2_x86_64",
            "arn": "arn:aws:eks:us-east-1:938064475800:nodegroup/main-eks-cluster/main-eks-node-group/a8cf2752-3ceb-7be5-3b11-61c496fdc5a1",
            "capacity_type": "ON_DEMAND",
            "cluster_name": "main-eks-cluster",
            "disk_size": 20,
            "force_update_version": null,
            "id": "main-eks-cluster:main-eks-node-group",
            "instance_types": [
              "t3.micro"
            ],
            "labels": {},
            "launch_template": [],
            "node_group_name": "main-eks-node-group",
            "node_group_name_prefix": "",
            "node_repair_config": [],
            "node_role_arn": "arn:aws:iam::938064475800:role/eks-node-group-role",
            "release_version": "1.31.13-20251209",
            "remote_access": [
              {
                "ec2_ssh_key": "eks-node-key",
                "source_security_group_ids": []
              }
            ],
            "resources": [
              {
                "autoscaling_groups": [
                  {
                    "name": "eks-main-eks-node-group-a8cf2752-3ceb-7be5-3b11-61c496fdc5a1"
                  }
                ],
                "remote_access_security_group_id": "sg-0a73be5a7ce6e8fba"
              }
            ],
            "scaling_config": [
              {
                "desired_size": 2,
                "max_size": 3,
                "min_size": 1
              }
            ],
            "status": "ACTIVE",
            "subnet_ids": [
              "subnet-039c089b1619f85b7",
              "subnet-0c869c411d8a5cc32"
            ],
            "tags": {
              "Name": "main-eks-node-group"
            },
            "tags_all": {
              "Name": "main-eks-node-group"
            },
            "taint": [],
            "timeouts": null,
            "update_config": [
              {
                "max_unavailable": 1,
                "max_unavailable_percentage": 0
              }
            ],
            "version": "1.31"
          },
          "sensitive_attributes": [],
          "identity_schema_version": 0,
          "private": "eyJlMmJmYjczMC1lY2FhLTExZTYtOGY4OC0zNDM2M2JjN2M0YzAiOnsiY3JlYXRlIjozNjAwMDAwMDAwMDAwLCJkZWxldGUiOjM2MDAwMDAwMDAwMDAsInVwZGF0ZSI6MzYwMDAwMDAwMDAwMH19",
          "dependencies": [
            "aws_eks_cluster.main",
            "aws_iam_role.eks_cluster",
            "aws_iam_role.eks_node_group",
            "aws_iam_role_policy_attachment.eks_cluster_AmazonEKSClusterPolicy",
            "aws_iam_role_policy_attachment.eks_cluster_AmazonEKSServicePolicy",
            "aws_key_pair.eks_node",
            "aws_security_group.eks_cluster",
            "aws_subnet.private_a",
            "aws_subnet.private_b",
            "aws_vpc.main",
            "tls_private_key.eks_node_key"
          ]
        }
      ]
    },
    {
      "mode": "managed",
      "type": "aws_iam_role",
      "name": "eks_cluster",
      "provider": "provider[\"registry.terraform.io/hashicorp/aws\"]",
      "instances": [
        {
          "schema_version": 0,
          "attributes": {
            "arn": "arn:aws:iam::938064475800:role/eks-cluster-role",
            "assume_role_policy": "{\"Statement\":[{\"Action\":\"sts:AssumeRole\",\"Effect\":\"Allow\",\"Principal\":{\"Service\":\"eks.amazonaws.com\"}}],\"Version\":\"2012-10-17\"}",
            "create_date": "2026-05-20T03:34:37Z",
            "description": "",
            "force_detach_policies": false,
            "id": "eks-cluster-role",
            "inline_policy": [],
            "managed_policy_arns": [
              "arn:aws:iam::aws:policy/AmazonEKSClusterPolicy",
              "arn:aws:iam::aws:policy/AmazonEKSServicePolicy"
            ],
            "max_session_duration": 3600,
            "name": "eks-cluster-role",
            "name_prefix": "",
            "path": "/",
            "permissions_boundary": "",
            "tags": {
              "Name": "eks-cluster-role"
            },
            "tags_all": {
              "Name": "eks-cluster-role"
            },
            "unique_id": "AROA5U2H762MCPIP454XP"
          },
          "sensitive_attributes": [],
          "identity_schema_version": 0,
          "private": "bnVsbA=="
        }
      ]
    },
    {
      "mode": "managed",
      "type": "aws_iam_role",
      "name": "eks_node_group",
      "provider": "provider[\"registry.terraform.io/hashicorp/aws\"]",
      "instances": [
        {
          "schema_version": 0,
          "attributes": {
            "arn": "arn:aws:iam::938064475800:role/eks-node-group-role",
            "assume_role_policy": "{\"Statement\":[{\"Action\":\"sts:AssumeRole\",\"Effect\":\"Allow\",\"Principal\":{\"Service\":\"ec2.amazonaws.com\"}}],\"Version\":\"2012-10-17\"}",
            "create_date": "2026-05-20T03:46:25Z",
            "description": "",
            "force_detach_policies": false,
            "id": "eks-node-group-role",
            "inline_policy": [],
            "managed_policy_arns": [
              "arn:aws:iam::aws:policy/AmazonEC2ContainerRegistryReadOnly",
              "arn:aws:iam::aws:policy/AmazonEKSWorkerNodePolicy",
              "arn:aws:iam::aws:policy/AmazonEKS_CNI_Policy"
            ],
            "max_session_duration": 3600,
            "name": "eks-node-group-role",
            "name_prefix": "",
            "path": "/",
            "permissions_boundary": "",
            "tags": {
              "Name": "eks-node-group-role"
            },
            "tags_all": {
              "Name": "eks-node-group-role"
            },
            "unique_id": "AROA5U2H762MI5OM735YP"
          },
          "sensitive_attributes": [],
          "identity_schema_version": 0,
          "private": "bnVsbA=="
        }
      ]
    },
    {
      "mode": "managed",
      "type": "aws_iam_role_policy_attachment",
      "name": "eks_cluster_AmazonEKSClusterPolicy",
      "provider": "provider[\"registry.terraform.io/hashicorp/aws\"]",
      "instances": [
        {
          "schema_version": 0,
          "attributes": {
            "id": "eks-cluster-role-20260520033438349200000001",
            "policy_arn": "arn:aws:iam::aws:policy/AmazonEKSClusterPolicy",
            "role": "eks-cluster-role"
          },
          "sensitive_attributes": [],
          "identity_schema_version": 0,
          "private": "bnVsbA==",
          "dependencies": [
            "aws_iam_role.eks_cluster"
          ]
        }
      ]
    },
    {
      "mode": "managed",
      "type": "aws_iam_role_policy_attachment",
      "name": "eks_cluster_AmazonEKSServicePolicy",
      "provider": "provider[\"registry.terraform.io/hashicorp/aws\"]",
      "instances": [
        {
          "schema_version": 0,
          "attributes": {
            "id": "eks-cluster-role-20260520033438632900000002",
            "policy_arn": "arn:aws:iam::aws:policy/AmazonEKSServicePolicy",
            "role": "eks-cluster-role"
          },
          "sensitive_attributes": [],
          "identity_schema_version": 0,
          "private": "bnVsbA==",
          "dependencies": [
            "aws_iam_role.eks_cluster"
          ]
        }
      ]
    },
    {
      "mode": "managed",
      "type": "aws_iam_role_policy_attachment",
      "name": "eks_node_group_AmazonEC2ContainerRegistryReadOnly",
      "provider": "provider[\"registry.terraform.io/hashicorp/aws\"]",
      "instances": [
        {
          "schema_version": 0,
          "attributes": {
            "id": "eks-node-group-role-20260520034626618900000003",
            "policy_arn": "arn:aws:iam::aws:policy/AmazonEC2ContainerRegistryReadOnly",
            "role": "eks-node-group-role"
          },
          "sensitive_attributes": [],
          "identity_schema_version": 0,
          "private": "bnVsbA==",
          "dependencies": [
            "aws_iam_role.eks_node_group"
          ]
        }
      ]
    },
    {
      "mode": "managed",
      "type": "aws_iam_role_policy_attachment",
      "name": "eks_node_group_AmazonEKSWorkerNodePolicy",
      "provider": "provider[\"registry.terraform.io/hashicorp/aws\"]",
      "instances": [
        {
          "schema_version": 0,
          "attributes": {
            "id": "eks-node-group-role-20260520034626052300000001",
            "policy_arn": "arn:aws:iam::aws:policy/AmazonEKSWorkerNodePolicy",
            "role": "eks-node-group-role"
          },
          "sensitive_attributes": [],
          "identity_schema_version": 0,
          "private": "bnVsbA==",
          "dependencies": [
            "aws_iam_role.eks_node_group"
          ]
        }
      ]
    },
    {
      "mode": "managed",
      "type": "aws_iam_role_policy_attachment",
      "name": "eks_node_group_AmazonEKS_CNI_Policy",
      "provider": "provider[\"registry.terraform.io/hashicorp/aws\"]",
      "instances": [
        {
          "schema_version": 0,
          "attributes": {
            "id": "eks-node-group-role-20260520034626327800000002",
            "policy_arn": "arn:aws:iam::aws:policy/AmazonEKS_CNI_Policy",
            "role": "eks-node-group-role"
          },
          "sensitive_attributes": [],
          "identity_schema_version": 0,
          "private": "bnVsbA==",
          "dependencies": [
            "aws_iam_role.eks_node_group"
          ]
        }
      ]
    },
    {
      "mode": "managed",
      "type": "aws_instance",
      "name": "jenkins",
      "provider": "provider[\"registry.terraform.io/hashicorp/aws\"]",
      "instances": [
        {
          "schema_version": 1,
          "attributes": {
            "ami": "ami-0c3cca3862f844ab5",
            "arn": "arn:aws:ec2:us-east-1:938064475800:instance/i-078f603981ab7d4b2",
            "associate_public_ip_address": true,
            "availability_zone": "us-east-1a",
            "capacity_reservation_specification": [
              {
                "capacity_reservation_preference": "open",
                "capacity_reservation_target": []
              }
            ],
            "cpu_core_count": 1,
            "cpu_options": [
              {
                "amd_sev_snp": "",
                "core_count": 1,
                "threads_per_core": 2
              }
            ],
            "cpu_threads_per_core": 2,
            "credit_specification": [
              {
                "cpu_credits": "unlimited"
              }
            ],
            "disable_api_stop": false,
            "disable_api_termination": false,
            "ebs_block_device": [],
            "ebs_optimized": false,
            "enable_primary_ipv6": null,
            "enclave_options": [
              {
                "enabled": false
              }
            ],
            "ephemeral_block_device": [],
            "get_password_data": false,
            "hibernation": false,
            "host_id": "",
            "host_resource_group_arn": null,
            "iam_instance_profile": "",
            "id": "i-078f603981ab7d4b2",
            "instance_initiated_shutdown_behavior": "stop",
            "instance_lifecycle": "",
            "instance_market_options": [],
            "instance_state": "running",
            "instance_type": "t3.micro",
            "ipv6_address_count": 0,
            "ipv6_addresses": [],
            "key_name": "eks-node-key",
            "launch_template": [],
            "maintenance_options": [
              {
                "auto_recovery": "default"
              }
            ],
            "metadata_options": [
              {
                "http_endpoint": "enabled",
                "http_protocol_ipv6": "disabled",
                "http_put_response_hop_limit": 1,
                "http_tokens": "optional",
                "instance_metadata_tags": "disabled"
              }
            ],
            "monitoring": false,
            "network_interface": [],
            "outpost_arn": "",
            "password_data": "",
            "placement_group": "",
            "placement_partition_number": 0,
            "primary_network_interface_id": "eni-0d78521058a72fb34",
            "private_dns": "ip-10-0-1-56.ec2.internal",
            "private_dns_name_options": [
              {
                "enable_resource_name_dns_a_record": false,
                "enable_resource_name_dns_aaaa_record": false,
                "hostname_type": "ip-name"
              }
            ],
            "private_ip": "10.0.1.56",
            "public_dns": "ec2-100-52-177-247.compute-1.amazonaws.com",
            "public_ip": "100.52.177.247",
            "root_block_device": [
              {
                "delete_on_termination": true,
                "device_name": "/dev/xvda",
                "encrypted": false,
                "iops": 100,
                "kms_key_id": "",
                "tags": {},
                "tags_all": {},
                "throughput": 0,
                "volume_id": "vol-0620ca61a60f26c6f",
                "volume_size": 20,
                "volume_type": "gp2"
              }
            ],
            "secondary_private_ips": [],
            "security_groups": [],
            "source_dest_check": true,
            "spot_instance_request_id": "",
            "subnet_id": "subnet-0f25ca68c05f27e2e",
            "tags": {
              "Name": "jenkins-server"
            },
            "tags_all": {
              "Name": "jenkins-server"
            },
            "tenancy": "default",
            "timeouts": null,
            "user_data": "db543816f06433b26d89369d053d77e11a65e6f6",
            "user_data_base64": null,
            "user_data_replace_on_change": false,
            "volume_tags": null,
            "vpc_security_group_ids": [
              "sg-0ec9319e3b4147869"
            ]
          },
          "sensitive_attributes": [],
          "identity_schema_version": 0,
          "private": "eyJlMmJmYjczMC1lY2FhLTExZTYtOGY4OC0zNDM2M2JjN2M0YzAiOnsiY3JlYXRlIjo2MDAwMDAwMDAwMDAsImRlbGV0ZSI6MTIwMDAwMDAwMDAwMCwicmVhZCI6OTAwMDAwMDAwMDAwLCJ1cGRhdGUiOjYwMDAwMDAwMDAwMH0sInNjaGVtYV92ZXJzaW9uIjoiMSJ9",
          "dependencies": [
            "aws_key_pair.eks_node",
            "aws_security_group.jenkins",
            "aws_subnet.public_a",
            "aws_vpc.main",
            "tls_private_key.eks_node_key"
          ]
        }
      ]
    },
    {
      "mode": "managed",
      "type": "aws_internet_gateway",
      "name": "main",
      "provider": "provider[\"registry.terraform.io/hashicorp/aws\"]",
      "instances": [
        {
          "schema_version": 0,
          "attributes": {
            "arn": "arn:aws:ec2:us-east-1:938064475800:internet-gateway/igw-0f594c17cfe81c7df",
            "id": "igw-0f594c17cfe81c7df",
            "owner_id": "938064475800",
            "tags": {
              "Name": "main-igw"
            },
            "tags_all": {
              "Name": "main-igw"
            },
            "timeouts": null,
            "vpc_id": "vpc-0253da50591d83124"
          },
          "sensitive_attributes": [],
          "identity_schema_version": 0,
          "private": "eyJlMmJmYjczMC1lY2FhLTExZTYtOGY4OC0zNDM2M2JjN2M0YzAiOnsiY3JlYXRlIjoxMjAwMDAwMDAwMDAwLCJkZWxldGUiOjEyMDAwMDAwMDAwMDAsInVwZGF0ZSI6MTIwMDAwMDAwMDAwMH19",
          "dependencies": [
            "aws_vpc.main"
          ]
        }
      ]
    },
    {
      "mode": "managed",
      "type": "aws_key_pair",
      "name": "eks_node",
      "provider": "provider[\"registry.terraform.io/hashicorp/aws\"]",
      "instances": [
        {
          "schema_version": 1,
          "attributes": {
            "arn": "arn:aws:ec2:us-east-1:938064475800:key-pair/eks-node-key",
            "fingerprint": "be:ec:d7:e1:29:78:bf:5c:af:48:ee:d9:0d:52:8a:46",
            "id": "eks-node-key",
            "key_name": "eks-node-key",
            "key_name_prefix": "",
            "key_pair_id": "key-0720ab1f56b9e7f8e",
            "key_type": "rsa",
            "public_key": "ssh-rsa AAAAB3NzaC1yc2EAAAADAQABAAABAQCt64eJBTakh1Br0hUv6Y8Hw0N31rSIhyoYu39tbjaTeUWd59Th0MXAgnTfJypoXrRfX1QOXJ4CJKl/WGsJmKVqomZXBtaMXjoPnRxHVusIHLqKOketTAtx+kxf4MMQm6ywf7LU1HN4zn5/1oa9M+JQxnigfZn13F7uoTP8r0ITusEig809QiO/GUOpoGhBSoWg7hK78NFhYJPu+evkCCo6GPP7ei0BnpnjsjusLPRQL23LrU2ICB2tGnrJDG5YNZmateL3p+ZTcwOT+WQGTfamlFzxWO7Lx7DuCJ/jCk9RiVsAxLfnYEc7i8bYXv9rGi7c9pcsv0yXXZ7UYlym15xp",
            "tags": {},
            "tags_all": {}
          },
          "sensitive_attributes": [],
          "identity_schema_version": 0,
          "private": "eyJzY2hlbWFfdmVyc2lvbiI6IjEifQ==",
          "dependencies": [
            "tls_private_key.eks_node_key"
          ]
        }
      ]
    },
    {
      "mode": "managed",
      "type": "aws_nat_gateway",
      "name": "main",
      "provider": "provider[\"registry.terraform.io/hashicorp/aws\"]",
      "instances": [
        {
          "schema_version": 0,
          "attributes": {
            "allocation_id": "eipalloc-0f0af476672abce79",
            "association_id": "eipassoc-0693e6aecf5412f78",
            "connectivity_type": "public",
            "id": "nat-0e9dc1683d358a766",
            "network_interface_id": "eni-0041bc8ee5d65b60b",
            "private_ip": "10.0.1.64",
            "public_ip": "44.196.179.157",
            "secondary_allocation_ids": [],
            "secondary_private_ip_address_count": 0,
            "secondary_private_ip_addresses": [],
            "subnet_id": "subnet-0f25ca68c05f27e2e",
            "tags": {
              "Name": "main-nat-gateway"
            },
            "tags_all": {
              "Name": "main-nat-gateway"
            },
            "timeouts": null
          },
          "sensitive_attributes": [],
          "identity_schema_version": 0,
          "private": "eyJlMmJmYjczMC1lY2FhLTExZTYtOGY4OC0zNDM2M2JjN2M0YzAiOnsiY3JlYXRlIjo2MDAwMDAwMDAwMDAsImRlbGV0ZSI6MTgwMDAwMDAwMDAwMCwidXBkYXRlIjo2MDAwMDAwMDAwMDB9fQ==",
          "dependencies": [
            "aws_eip.nat",
            "aws_subnet.public_a",
            "aws_vpc.main"
          ]
        }
      ]
    },
    {
      "mode": "managed",
      "type": "aws_route_table",
      "name": "private",
      "provider": "provider[\"registry.terraform.io/hashicorp/aws\"]",
      "instances": [
        {
          "schema_version": 0,
          "attributes": {
            "arn": "arn:aws:ec2:us-east-1:938064475800:route-table/rtb-0218a6e3be4af1eff",
            "id": "rtb-0218a6e3be4af1eff",
            "owner_id": "938064475800",
            "propagating_vgws": [],
            "route": [
              {
                "carrier_gateway_id": "",
                "cidr_block": "0.0.0.0/0",
                "core_network_arn": "",
                "destination_prefix_list_id": "",
                "egress_only_gateway_id": "",
                "gateway_id": "",
                "ipv6_cidr_block": "",
                "local_gateway_id": "",
                "nat_gateway_id": "nat-0e9dc1683d358a766",
                "network_interface_id": "",
                "transit_gateway_id": "",
                "vpc_endpoint_id": "",
                "vpc_peering_connection_id": ""
              }
            ],
            "tags": {
              "Name": "private-rt"
            },
            "tags_all": {
              "Name": "private-rt"
            },
            "timeouts": null,
            "vpc_id": "vpc-0253da50591d83124"
          },
          "sensitive_attributes": [],
          "identity_schema_version": 0,
          "private": "eyJlMmJmYjczMC1lY2FhLTExZTYtOGY4OC0zNDM2M2JjN2M0YzAiOnsiY3JlYXRlIjozMDAwMDAwMDAwMDAsImRlbGV0ZSI6MzAwMDAwMDAwMDAwLCJ1cGRhdGUiOjEyMDAwMDAwMDAwMH19",
          "dependencies": [
            "aws_eip.nat",
            "aws_nat_gateway.main",
            "aws_subnet.public_a",
            "aws_vpc.main"
          ]
        }
      ]
    },
    {
      "mode": "managed",
      "type": "aws_route_table",
      "name": "public",
      "provider": "provider[\"registry.terraform.io/hashicorp/aws\"]",
      "instances": [
        {
          "schema_version": 0,
          "attributes": {
            "arn": "arn:aws:ec2:us-east-1:938064475800:route-table/rtb-01b1506719165b1f5",
            "id": "rtb-01b1506719165b1f5",
            "owner_id": "938064475800",
            "propagating_vgws": [],
            "route": [
              {
                "carrier_gateway_id": "",
                "cidr_block": "0.0.0.0/0",
                "core_network_arn": "",
                "destination_prefix_list_id": "",
                "egress_only_gateway_id": "",
                "gateway_id": "igw-0f594c17cfe81c7df",
                "ipv6_cidr_block": "",
                "local_gateway_id": "",
                "nat_gateway_id": "",
                "network_interface_id": "",
                "transit_gateway_id": "",
                "vpc_endpoint_id": "",
                "vpc_peering_connection_id": ""
              }
            ],
            "tags": {
              "Name": "public-rt"
            },
            "tags_all": {
              "Name": "public-rt"
            },
            "timeouts": null,
            "vpc_id": "vpc-0253da50591d83124"
          },
          "sensitive_attributes": [],
          "identity_schema_version": 0,
          "private": "eyJlMmJmYjczMC1lY2FhLTExZTYtOGY4OC0zNDM2M2JjN2M0YzAiOnsiY3JlYXRlIjozMDAwMDAwMDAwMDAsImRlbGV0ZSI6MzAwMDAwMDAwMDAwLCJ1cGRhdGUiOjEyMDAwMDAwMDAwMH19",
          "dependencies": [
            "aws_internet_gateway.main",
            "aws_vpc.main"
          ]
        }
      ]
    },
    {
      "mode": "managed",
      "type": "aws_route_table_association",
      "name": "private_a",
      "provider": "provider[\"registry.terraform.io/hashicorp/aws\"]",
      "instances": [
        {
          "schema_version": 0,
          "attributes": {
            "gateway_id": "",
            "id": "rtbassoc-0491a5cb384ad7785",
            "route_table_id": "rtb-0218a6e3be4af1eff",
            "subnet_id": "subnet-0c869c411d8a5cc32",
            "timeouts": null
          },
          "sensitive_attributes": [],
          "identity_schema_version": 0,
          "private": "eyJlMmJmYjczMC1lY2FhLTExZTYtOGY4OC0zNDM2M2JjN2M0YzAiOnsiY3JlYXRlIjozMDAwMDAwMDAwMDAsImRlbGV0ZSI6MzAwMDAwMDAwMDAwLCJ1cGRhdGUiOjEyMDAwMDAwMDAwMH19",
          "dependencies": [
            "aws_eip.nat",
            "aws_nat_gateway.main",
            "aws_route_table.private",
            "aws_subnet.private_a",
            "aws_subnet.public_a",
            "aws_vpc.main"
          ]
        }
      ]
    },
    {
      "mode": "managed",
      "type": "aws_route_table_association",
      "name": "private_b",
      "provider": "provider[\"registry.terraform.io/hashicorp/aws\"]",
      "instances": [
        {
          "schema_version": 0,
          "attributes": {
            "gateway_id": "",
            "id": "rtbassoc-0e72627990fedcf06",
            "route_table_id": "rtb-0218a6e3be4af1eff",
            "subnet_id": "subnet-039c089b1619f85b7",
            "timeouts": null
          },
          "sensitive_attributes": [],
          "identity_schema_version": 0,
          "private": "eyJlMmJmYjczMC1lY2FhLTExZTYtOGY4OC0zNDM2M2JjN2M0YzAiOnsiY3JlYXRlIjozMDAwMDAwMDAwMDAsImRlbGV0ZSI6MzAwMDAwMDAwMDAwLCJ1cGRhdGUiOjEyMDAwMDAwMDAwMH19",
          "dependencies": [
            "aws_eip.nat",
            "aws_nat_gateway.main",
            "aws_route_table.private",
            "aws_subnet.private_b",
            "aws_subnet.public_a",
            "aws_vpc.main"
          ]
        }
      ]
    },
    {
      "mode": "managed",
      "type": "aws_route_table_association",
      "name": "public_a",
      "provider": "provider[\"registry.terraform.io/hashicorp/aws\"]",
      "instances": [
        {
          "schema_version": 0,
          "attributes": {
            "gateway_id": "",
            "id": "rtbassoc-08cb4ff1dd44b2e31",
            "route_table_id": "rtb-01b1506719165b1f5",
            "subnet_id": "subnet-0f25ca68c05f27e2e",
            "timeouts": null
          },
          "sensitive_attributes": [],
          "identity_schema_version": 0,
          "private": "eyJlMmJmYjczMC1lY2FhLTExZTYtOGY4OC0zNDM2M2JjN2M0YzAiOnsiY3JlYXRlIjozMDAwMDAwMDAwMDAsImRlbGV0ZSI6MzAwMDAwMDAwMDAwLCJ1cGRhdGUiOjEyMDAwMDAwMDAwMH19",
          "dependencies": [
            "aws_internet_gateway.main",
            "aws_route_table.public",
            "aws_subnet.public_a",
            "aws_vpc.main"
          ]
        }
      ]
    },
    {
      "mode": "managed",
      "type": "aws_route_table_association",
      "name": "public_b",
      "provider": "provider[\"registry.terraform.io/hashicorp/aws\"]",
      "instances": [
        {
          "schema_version": 0,
          "attributes": {
            "gateway_id": "",
            "id": "rtbassoc-0c33697e9c6b219b0",
            "route_table_id": "rtb-01b1506719165b1f5",
            "subnet_id": "subnet-0cff1552fd797854f",
            "timeouts": null
          },
          "sensitive_attributes": [],
          "identity_schema_version": 0,
          "private": "eyJlMmJmYjczMC1lY2FhLTExZTYtOGY4OC0zNDM2M2JjN2M0YzAiOnsiY3JlYXRlIjozMDAwMDAwMDAwMDAsImRlbGV0ZSI6MzAwMDAwMDAwMDAwLCJ1cGRhdGUiOjEyMDAwMDAwMDAwMH19",
          "dependencies": [
            "aws_internet_gateway.main",
            "aws_route_table.public",
            "aws_subnet.public_b",
            "aws_vpc.main"
          ]
        }
      ]
    },
    {
      "mode": "managed",
      "type": "aws_security_group",
      "name": "eks_cluster",
      "provider": "provider[\"registry.terraform.io/hashicorp/aws\"]",
      "instances": [
        {
          "schema_version": 1,
          "attributes": {
            "arn": "arn:aws:ec2:us-east-1:938064475800:security-group/sg-02b178c69c191cb3b",
            "description": "Security group for EKS cluster",
            "egress": [
              {
                "cidr_blocks": [
                  "0.0.0.0/0"
                ],
                "description": "",
                "from_port": 0,
                "ipv6_cidr_blocks": [],
                "prefix_list_ids": [],
                "protocol": "-1",
                "security_groups": [],
                "self": false,
                "to_port": 0
              }
            ],
            "id": "sg-02b178c69c191cb3b",
            "ingress": [
              {
                "cidr_blocks": [
                  "0.0.0.0/0"
                ],
                "description": "",
                "from_port": 443,
                "ipv6_cidr_blocks": [],
                "prefix_list_ids": [],
                "protocol": "tcp",
                "security_groups": [],
                "self": false,
                "to_port": 443
              }
            ],
            "name": "eks-cluster-sg",
            "name_prefix": "",
            "owner_id": "938064475800",
            "revoke_rules_on_delete": false,
            "tags": {
              "Name": "eks-cluster-sg"
            },
            "tags_all": {
              "Name": "eks-cluster-sg"
            },
            "timeouts": null,
            "vpc_id": "vpc-0253da50591d83124"
          },
          "sensitive_attributes": [],
          "identity_schema_version": 0,
          "private": "eyJlMmJmYjczMC1lY2FhLTExZTYtOGY4OC0zNDM2M2JjN2M0YzAiOnsiY3JlYXRlIjo2MDAwMDAwMDAwMDAsImRlbGV0ZSI6OTAwMDAwMDAwMDAwfSwic2NoZW1hX3ZlcnNpb24iOiIxIn0=",
          "dependencies": [
            "aws_vpc.main"
          ]
        }
      ]
    },
    {
      "mode": "managed",
      "type": "aws_security_group",
      "name": "jenkins",
      "provider": "provider[\"registry.terraform.io/hashicorp/aws\"]",
      "instances": [
        {
          "schema_version": 1,
          "attributes": {
            "arn": "arn:aws:ec2:us-east-1:938064475800:security-group/sg-0ec9319e3b4147869",
            "description": "Security group for Jenkins",
            "egress": [
              {
                "cidr_blocks": [
                  "0.0.0.0/0"
                ],
                "description": "",
                "from_port": 0,
                "ipv6_cidr_blocks": [],
                "prefix_list_ids": [],
                "protocol": "-1",
                "security_groups": [],
                "self": false,
                "to_port": 0
              }
            ],
            "id": "sg-0ec9319e3b4147869",
            "ingress": [
              {
                "cidr_blocks": [
                  "0.0.0.0/0"
                ],
                "description": "",
                "from_port": 22,
                "ipv6_cidr_blocks": [],
                "prefix_list_ids": [],
                "protocol": "tcp",
                "security_groups": [],
                "self": false,
                "to_port": 22
              },
              {
                "cidr_blocks": [
                  "0.0.0.0/0"
                ],
                "description": "",
                "from_port": 8080,
                "ipv6_cidr_blocks": [],
                "prefix_list_ids": [],
                "protocol": "tcp",
                "security_groups": [],
                "self": false,
                "to_port": 8080
              }
            ],
            "name": "jenkins-sg",
            "name_prefix": "",
            "owner_id": "938064475800",
            "revoke_rules_on_delete": false,
            "tags": {
              "Name": "jenkins-sg"
            },
            "tags_all": {
              "Name": "jenkins-sg"
            },
            "timeouts": null,
            "vpc_id": "vpc-0253da50591d83124"
          },
          "sensitive_attributes": [],
          "identity_schema_version": 0,
          "private": "eyJlMmJmYjczMC1lY2FhLTExZTYtOGY4OC0zNDM2M2JjN2M0YzAiOnsiY3JlYXRlIjo2MDAwMDAwMDAwMDAsImRlbGV0ZSI6OTAwMDAwMDAwMDAwfSwic2NoZW1hX3ZlcnNpb24iOiIxIn0=",
          "dependencies": [
            "aws_vpc.main"
          ]
        }
      ]
    },
    {
      "mode": "managed",
      "type": "aws_subnet",
      "name": "private_a",
      "provider": "provider[\"registry.terraform.io/hashicorp/aws\"]",
      "instances": [
        {
          "schema_version": 1,
          "attributes": {
            "arn": "arn:aws:ec2:us-east-1:938064475800:subnet/subnet-0c869c411d8a5cc32",
            "assign_ipv6_address_on_creation": false,
            "availability_zone": "us-east-1a",
            "availability_zone_id": "use1-az1",
            "cidr_block": "10.0.11.0/24",
            "customer_owned_ipv4_pool": "",
            "enable_dns64": false,
            "enable_lni_at_device_index": 0,
            "enable_resource_name_dns_a_record_on_launch": false,
            "enable_resource_name_dns_aaaa_record_on_launch": false,
            "id": "subnet-0c869c411d8a5cc32",
            "ipv6_cidr_block": "",
            "ipv6_cidr_block_association_id": "",
            "ipv6_native": false,
            "map_customer_owned_ip_on_launch": false,
            "map_public_ip_on_launch": false,
            "outpost_arn": "",
            "owner_id": "938064475800",
            "private_dns_hostname_type_on_launch": "ip-name",
            "tags": {
              "Name": "private-subnet-a"
            },
            "tags_all": {
              "Name": "private-subnet-a"
            },
            "timeouts": null,
            "vpc_id": "vpc-0253da50591d83124"
          },
          "sensitive_attributes": [],
          "identity_schema_version": 0,
          "private": "eyJlMmJmYjczMC1lY2FhLTExZTYtOGY4OC0zNDM2M2JjN2M0YzAiOnsiY3JlYXRlIjo2MDAwMDAwMDAwMDAsImRlbGV0ZSI6MTIwMDAwMDAwMDAwMH0sInNjaGVtYV92ZXJzaW9uIjoiMSJ9",
          "dependencies": [
            "aws_vpc.main"
          ]
        }
      ]
    },
    {
      "mode": "managed",
      "type": "aws_subnet",
      "name": "private_b",
      "provider": "provider[\"registry.terraform.io/hashicorp/aws\"]",
      "instances": [
        {
          "schema_version": 1,
          "attributes": {
            "arn": "arn:aws:ec2:us-east-1:938064475800:subnet/subnet-039c089b1619f85b7",
            "assign_ipv6_address_on_creation": false,
            "availability_zone": "us-east-1b",
            "availability_zone_id": "use1-az2",
            "cidr_block": "10.0.12.0/24",
            "customer_owned_ipv4_pool": "",
            "enable_dns64": false,
            "enable_lni_at_device_index": 0,
            "enable_resource_name_dns_a_record_on_launch": false,
            "enable_resource_name_dns_aaaa_record_on_launch": false,
            "id": "subnet-039c089b1619f85b7",
            "ipv6_cidr_block": "",
            "ipv6_cidr_block_association_id": "",
            "ipv6_native": false,
            "map_customer_owned_ip_on_launch": false,
            "map_public_ip_on_launch": false,
            "outpost_arn": "",
            "owner_id": "938064475800",
            "private_dns_hostname_type_on_launch": "ip-name",
            "tags": {
              "Name": "private-subnet-b"
            },
            "tags_all": {
              "Name": "private-subnet-b"
            },
            "timeouts": null,
            "vpc_id": "vpc-0253da50591d83124"
          },
          "sensitive_attributes": [],
          "identity_schema_version": 0,
          "private": "eyJlMmJmYjczMC1lY2FhLTExZTYtOGY4OC0zNDM2M2JjN2M0YzAiOnsiY3JlYXRlIjo2MDAwMDAwMDAwMDAsImRlbGV0ZSI6MTIwMDAwMDAwMDAwMH0sInNjaGVtYV92ZXJzaW9uIjoiMSJ9",
          "dependencies": [
            "aws_vpc.main"
          ]
        }
      ]
    },
    {
      "mode": "managed",
      "type": "aws_subnet",
      "name": "public_a",
      "provider": "provider[\"registry.terraform.io/hashicorp/aws\"]",
      "instances": [
        {
          "schema_version": 1,
          "attributes": {
            "arn": "arn:aws:ec2:us-east-1:938064475800:subnet/subnet-0f25ca68c05f27e2e",
            "assign_ipv6_address_on_creation": false,
            "availability_zone": "us-east-1a",
            "availability_zone_id": "use1-az1",
            "cidr_block": "10.0.1.0/24",
            "customer_owned_ipv4_pool": "",
            "enable_dns64": false,
            "enable_lni_at_device_index": 0,
            "enable_resource_name_dns_a_record_on_launch": false,
            "enable_resource_name_dns_aaaa_record_on_launch": false,
            "id": "subnet-0f25ca68c05f27e2e",
            "ipv6_cidr_block": "",
            "ipv6_cidr_block_association_id": "",
            "ipv6_native": false,
            "map_customer_owned_ip_on_launch": false,
            "map_public_ip_on_launch": true,
            "outpost_arn": "",
            "owner_id": "938064475800",
            "private_dns_hostname_type_on_launch": "ip-name",
            "tags": {
              "Name": "public-subnet-a"
            },
            "tags_all": {
              "Name": "public-subnet-a"
            },
            "timeouts": null,
            "vpc_id": "vpc-0253da50591d83124"
          },
          "sensitive_attributes": [],
          "identity_schema_version": 0,
          "private": "eyJlMmJmYjczMC1lY2FhLTExZTYtOGY4OC0zNDM2M2JjN2M0YzAiOnsiY3JlYXRlIjo2MDAwMDAwMDAwMDAsImRlbGV0ZSI6MTIwMDAwMDAwMDAwMH0sInNjaGVtYV92ZXJzaW9uIjoiMSJ9",
          "dependencies": [
            "aws_vpc.main"
          ]
        }
      ]
    },
    {
      "mode": "managed",
      "type": "aws_subnet",
      "name": "public_b",
      "provider": "provider[\"registry.terraform.io/hashicorp/aws\"]",
      "instances": [
        {
          "schema_version": 1,
          "attributes": {
            "arn": "arn:aws:ec2:us-east-1:938064475800:subnet/subnet-0cff1552fd797854f",
            "assign_ipv6_address_on_creation": false,
            "availability_zone": "us-east-1b",
            "availability_zone_id": "use1-az2",
            "cidr_block": "10.0.2.0/24",
            "customer_owned_ipv4_pool": "",
            "enable_dns64": false,
            "enable_lni_at_device_index": 0,
            "enable_resource_name_dns_a_record_on_launch": false,
            "enable_resource_name_dns_aaaa_record_on_launch": false,
            "id": "subnet-0cff1552fd797854f",
            "ipv6_cidr_block": "",
            "ipv6_cidr_block_association_id": "",
            "ipv6_native": false,
            "map_customer_owned_ip_on_launch": false,
            "map_public_ip_on_launch": true,
            "outpost_arn": "",
            "owner_id": "938064475800",
            "private_dns_hostname_type_on_launch": "ip-name",
            "tags": {
              "Name": "public-subnet-b"
            },
            "tags_all": {
              "Name": "public-subnet-b"
            },
            "timeouts": null,
            "vpc_id": "vpc-0253da50591d83124"
          },
          "sensitive_attributes": [],
          "identity_schema_version": 0,
          "private": "eyJlMmJmYjczMC1lY2FhLTExZTYtOGY4OC0zNDM2M2JjN2M0YzAiOnsiY3JlYXRlIjo2MDAwMDAwMDAwMDAsImRlbGV0ZSI6MTIwMDAwMDAwMDAwMH0sInNjaGVtYV92ZXJzaW9uIjoiMSJ9",
          "dependencies": [
            "aws_vpc.main"
          ]
        }
      ]
    },
    {
      "mode": "managed",
      "type": "aws_vpc",
      "name": "main",
      "provider": "provider[\"registry.terraform.io/hashicorp/aws\"]",
      "instances": [
        {
          "schema_version": 1,
          "attributes": {
            "arn": "arn:aws:ec2:us-east-1:938064475800:vpc/vpc-0253da50591d83124",
            "assign_generated_ipv6_cidr_block": false,
            "cidr_block": "10.0.0.0/16",
            "default_network_acl_id": "acl-098afb9bf45af8bc7",
            "default_route_table_id": "rtb-0f373248e8837a722",
            "default_security_group_id": "sg-0c88550590f7514ba",
            "dhcp_options_id": "dopt-0df44317103f19199",
            "enable_dns_hostnames": true,
            "enable_dns_support": true,
            "enable_network_address_usage_metrics": false,
            "id": "vpc-0253da50591d83124",
            "instance_tenancy": "default",
            "ipv4_ipam_pool_id": null,
            "ipv4_netmask_length": null,
            "ipv6_association_id": "",
            "ipv6_cidr_block": "",
            "ipv6_cidr_block_network_border_group": "",
            "ipv6_ipam_pool_id": "",
            "ipv6_netmask_length": 0,
            "main_route_table_id": "rtb-0f373248e8837a722",
            "owner_id": "938064475800",
            "tags": {
              "Name": "main-vpc"
            },
            "tags_all": {
              "Name": "main-vpc"
            }
          },
          "sensitive_attributes": [],
          "identity_schema_version": 0,
          "private": "eyJzY2hlbWFfdmVyc2lvbiI6IjEifQ=="
        }
      ]
    },
    {
      "mode": "managed",
      "type": "tls_private_key",
      "name": "eks_node_key",
      "provider": "provider[\"registry.terraform.io/hashicorp/tls\"]",
      "instances": [
        {
          "schema_version": 1,
          "attributes": {
            "algorithm": "RSA",
            "ecdsa_curve": "P224",
            "id": "da5747c6e98ad689cbafd84cb18ff677925ab2aa",
            "private_key_openssh": "-----BEGIN OPENSSH PRIVATE KEY-----\nb3BlbnNzaC1rZXktdjEAAAAABG5vbmUAAAAEbm9uZQAAAAAAAAABAAABFwAAAAdz\nc2gtcnNhAAAAAwEAAQAAAQEAreuHiQU2pIdQa9IVL+mPB8NDd9a0iIcqGLt/bW42\nk3lFnefU4dDFwIJ03ycqaF60X19UDlyeAiSpf1hrCZilaqJmVwbWjF46D50cR1br\nCBy6ijpHrUwLcfpMX+DDEJussH+y1NRzeM5+f9aGvTPiUMZ4oH2Z9dxe7qEz/K9C\nE7rBIoPNPUIjvxlDqaBoQUqFoO4Su/DRYWCT7vnr5AgqOhjz+3otAZ6Z47I7rCz0\nUC9ty61NiAgdrRp6yQxuWDWZmrXi96fmU3MDk/lkBk32ppRc8Vjuy8ew7gif4wpP\nUYlbAMS352BHO4vG2F7/axou3PaXLL9Ml12e1GJcptecaQAAA7gHjbf/B423/wAA\nAAdzc2gtcnNhAAABAQCt64eJBTakh1Br0hUv6Y8Hw0N31rSIhyoYu39tbjaTeUWd\n59Th0MXAgnTfJypoXrRfX1QOXJ4CJKl/WGsJmKVqomZXBtaMXjoPnRxHVusIHLqK\nOketTAtx+kxf4MMQm6ywf7LU1HN4zn5/1oa9M+JQxnigfZn13F7uoTP8r0ITusEi\ng809QiO/GUOpoGhBSoWg7hK78NFhYJPu+evkCCo6GPP7ei0BnpnjsjusLPRQL23L\nrU2ICB2tGnrJDG5YNZmateL3p+ZTcwOT+WQGTfamlFzxWO7Lx7DuCJ/jCk9RiVsA\nxLfnYEc7i8bYXv9rGi7c9pcsv0yXXZ7UYlym15xpAAAAAwEAAQAAAQAJIlX4csgJ\nLC147RNEkNzR6n7PV5lyBYUOFZXzvoSxmHAVguqKsVjiVglxM/twP7bXTQFXoxYq\ndlEE0KbrXbbrqPSZIEMXI2Tcdru8FlIlXojj9Qm74zS1HuaNoPrRPd58AznLrdVp\nlgK/V0TRwVyp+M/TXKcjhqZvuL2O12v3C8TjCZOpW/DHnpkyWSISeOMJcJAkZylH\nLsjuEXKonzPsgxHbaSYDlP0K2ilxAJEz6qnPy1W6zF6kRINKyFSEt/7ZQ8qzTZLJ\nW7hvjp2NivDFNO0FW9QOwnLs8F6znRAlIjnbFiLvMDq8vUbcxOT9QMYzmjiDWw35\njGQUKjoNIODPAAAAgH2cbnqjYP+dm3zr+ZVhP0ob9xx9jjcnkbi6FtEGLwD5vwuf\nWiVt55XXONuEjFyl7kOEmzkRx521v8g24FycoK0IbModZNS34NZaCPdvrpYsAtDD\n6TCLBoYPsUb+Yth3l+ZKe2SRTrTwwE0Am8XabmJFQ0rmAaBkgD9PpztUUgANAAAA\ngQDVAIq4iCQsubS1irJWtuCdbhtULCOp9VNx2zyTMLpWlYdYSHOxvSpXNN6FRMT4\nAw3IUKIgoTJtl6jMjCjEMGjATQL73xSCPwzvqLB5da8vDPAeGpbazJvWPdmKZSpg\n4k1Q2D/pz04mFmhirxU0UqvOaj+QlvS7yJGHt+na5FP7FwAAAIEA0QdQ2NKVTu4A\njZIzlV6Tbdub+OvCATRBhNXXtm86CPeec7gfs2VzzhKDesywnZRua0nLo7ZlUlre\nAoBE/0BCwnV0fr80T3QatVY/NdBgwmhbTWQzU6gUelzE8CoGPrjGC9Im0PqTm6qP\nfGNaZbR/wVyW7YKpxzgP/JNF2DAZ1H8AAAAAAQID\n-----END OPENSSH PRIVATE KEY-----\n",
            "private_key_pem": "-----BEGIN RSA PRIVATE KEY-----\nMIIEpAIBAAKCAQEAreuHiQU2pIdQa9IVL+mPB8NDd9a0iIcqGLt/bW42k3lFnefU\n4dDFwIJ03ycqaF60X19UDlyeAiSpf1hrCZilaqJmVwbWjF46D50cR1brCBy6ijpH\nrUwLcfpMX+DDEJussH+y1NRzeM5+f9aGvTPiUMZ4oH2Z9dxe7qEz/K9CE7rBIoPN\nPUIjvxlDqaBoQUqFoO4Su/DRYWCT7vnr5AgqOhjz+3otAZ6Z47I7rCz0UC9ty61N\niAgdrRp6yQxuWDWZmrXi96fmU3MDk/lkBk32ppRc8Vjuy8ew7gif4wpPUYlbAMS3\n52BHO4vG2F7/axou3PaXLL9Ml12e1GJcptecaQIDAQABAoIBAAkiVfhyyAksLXjt\nE0SQ3NHqfs9XmXIFhQ4VlfO+hLGYcBWC6oqxWOJWCXEz+3A/ttdNAVejFip2UQTQ\nputdtuuo9JkgQxcjZNx2u7wWUiVeiOP1CbvjNLUe5o2g+tE93nwDOcut1WmWAr9X\nRNHBXKn4z9NcpyOGpm+4vY7Xa/cLxOMJk6lb8MeemTJZIhJ44wlwkCRnKUcuyO4R\ncqifM+yDEdtpJgOU/QraKXEAkTPqqc/LVbrMXqREg0rIVIS3/tlDyrNNkslbuG+O\nnY2K8MU07QVb1A7CcuzwXrOdECUiOdsWIu8wOry9RtzE5P1AxjOaOINbDfmMZBQq\nOg0g4M8CgYEA1QCKuIgkLLm0tYqyVrbgnW4bVCwjqfVTcds8kzC6VpWHWEhzsb0q\nVzTehUTE+AMNyFCiIKEybZeozIwoxDBowE0C+98Ugj8M76iweXWvLwzwHhqW2syb\n1j3ZimUqYOJNUNg/6c9OJhZoYq8VNFKrzmo/kJb0u8iRh7fp2uRT+xcCgYEA0QdQ\n2NKVTu4AjZIzlV6Tbdub+OvCATRBhNXXtm86CPeec7gfs2VzzhKDesywnZRua0nL\no7ZlUlreAoBE/0BCwnV0fr80T3QatVY/NdBgwmhbTWQzU6gUelzE8CoGPrjGC9Im\n0PqTm6qPfGNaZbR/wVyW7YKpxzgP/JNF2DAZ1H8CgYEAupGq8E9vQC25d3pxEztE\nKyESlvvCkU/tM0FRIawAy25WCqILlJeYyqHodtrxnDswi1D1cZdAUHYSyHfMDWxJ\nlIbgIjYYBK2taw5a5UiLla7Dc9reX+/wYAv0zCAoqowOJM4FzYpjbUEbVbT94cK3\n8ilmXAOdgg4AStxw3eY5GSkCgYEAsov5NvvJpb4Oot77SN+cNv6bYCihcr3cKUcw\nFxkzDW3V3yqriWVjYebWgBJP2oprNyG13IV0TsBnWuOODCor3EbP12QjnqqiFbsy\nCxmPTQAu3RB190NfGpYbcrmy0+io4ngDyAYCB7nNDocfNDjV16jrEr3Fn/H3VdvG\nkT+lEKkCgYB9nG56o2D/nZt86/mVYT9KG/ccfY43J5G4uhbRBi8A+b8Ln1olbeeV\n1zjbhIxcpe5DhJs5Ecedtb/INuBcnKCtCGzKHWTUt+DWWgj3b66WLALQw+kwiwaG\nD7FG/mLYd5fmSntkkU608MBNAJvF2m5iRUNK5gGgZIA/T6c7VFIADQ==\n-----END RSA PRIVATE KEY-----\n",
            "private_key_pem_pkcs8": "-----BEGIN PRIVATE KEY-----\nMIIEvgIBADANBgkqhkiG9w0BAQEFAASCBKgwggSkAgEAAoIBAQCt64eJBTakh1Br\n0hUv6Y8Hw0N31rSIhyoYu39tbjaTeUWd59Th0MXAgnTfJypoXrRfX1QOXJ4CJKl/\nWGsJmKVqomZXBtaMXjoPnRxHVusIHLqKOketTAtx+kxf4MMQm6ywf7LU1HN4zn5/\n1oa9M+JQxnigfZn13F7uoTP8r0ITusEig809QiO/GUOpoGhBSoWg7hK78NFhYJPu\n+evkCCo6GPP7ei0BnpnjsjusLPRQL23LrU2ICB2tGnrJDG5YNZmateL3p+ZTcwOT\n+WQGTfamlFzxWO7Lx7DuCJ/jCk9RiVsAxLfnYEc7i8bYXv9rGi7c9pcsv0yXXZ7U\nYlym15xpAgMBAAECggEACSJV+HLICSwteO0TRJDc0ep+z1eZcgWFDhWV876EsZhw\nFYLqirFY4lYJcTP7cD+2100BV6MWKnZRBNCm612266j0mSBDFyNk3Ha7vBZSJV6I\n4/UJu+M0tR7mjaD60T3efAM5y63VaZYCv1dE0cFcqfjP01ynI4amb7i9jtdr9wvE\n4wmTqVvwx56ZMlkiEnjjCXCQJGcpRy7I7hFyqJ8z7IMR22kmA5T9CtopcQCRM+qp\nz8tVusxepESDSshUhLf+2UPKs02SyVu4b46djYrwxTTtBVvUDsJy7PBes50QJSI5\n2xYi7zA6vL1G3MTk/UDGM5o4g1sN+YxkFCo6DSDgzwKBgQDVAIq4iCQsubS1irJW\ntuCdbhtULCOp9VNx2zyTMLpWlYdYSHOxvSpXNN6FRMT4Aw3IUKIgoTJtl6jMjCjE\nMGjATQL73xSCPwzvqLB5da8vDPAeGpbazJvWPdmKZSpg4k1Q2D/pz04mFmhirxU0\nUqvOaj+QlvS7yJGHt+na5FP7FwKBgQDRB1DY0pVO7gCNkjOVXpNt25v468IBNEGE\n1de2bzoI955zuB+zZXPOEoN6zLCdlG5rScujtmVSWt4CgET/QELCdXR+vzRPdBq1\nVj810GDCaFtNZDNTqBR6XMTwKgY+uMYL0ibQ+pObqo98Y1pltH/BXJbtgqnHOA/8\nk0XYMBnUfwKBgQC6karwT29ALbl3enETO0QrIRKW+8KRT+0zQVEhrADLblYKoguU\nl5jKoeh22vGcOzCLUPVxl0BQdhLId8wNbEmUhuAiNhgEra1rDlrlSIuVrsNz2t5f\n7/BgC/TMICiqjA4kzgXNimNtQRtVtP3hwrfyKWZcA52CDgBK3HDd5jkZKQKBgQCy\ni/k2+8mlvg6i3vtI35w2/ptgKKFyvdwpRzAXGTMNbdXfKquJZWNh5taAEk/aims3\nIbXchXROwGda444MKivcRs/XZCOeqqIVuzILGY9NAC7dEHX3Q18alhtyubLT6Kji\neAPIBgIHuc0Ohx80ONXXqOsSvcWf8fdV28aRP6UQqQKBgH2cbnqjYP+dm3zr+ZVh\nP0ob9xx9jjcnkbi6FtEGLwD5vwufWiVt55XXONuEjFyl7kOEmzkRx521v8g24Fyc\noK0IbModZNS34NZaCPdvrpYsAtDD6TCLBoYPsUb+Yth3l+ZKe2SRTrTwwE0Am8Xa\nbmJFQ0rmAaBkgD9PpztUUgAN\n-----END PRIVATE KEY-----\n",
            "public_key_fingerprint_md5": "2e:52:4f:07:3a:10:8b:2a:a9:81:0c:98:7b:b4:be:a5",
            "public_key_fingerprint_sha256": "SHA256:My0DUonfs12xQZFdjGOLTPuyJ8J9XK6e61iofq63hpo",
            "public_key_openssh": "ssh-rsa AAAAB3NzaC1yc2EAAAADAQABAAABAQCt64eJBTakh1Br0hUv6Y8Hw0N31rSIhyoYu39tbjaTeUWd59Th0MXAgnTfJypoXrRfX1QOXJ4CJKl/WGsJmKVqomZXBtaMXjoPnRxHVusIHLqKOketTAtx+kxf4MMQm6ywf7LU1HN4zn5/1oa9M+JQxnigfZn13F7uoTP8r0ITusEig809QiO/GUOpoGhBSoWg7hK78NFhYJPu+evkCCo6GPP7ei0BnpnjsjusLPRQL23LrU2ICB2tGnrJDG5YNZmateL3p+ZTcwOT+WQGTfamlFzxWO7Lx7DuCJ/jCk9RiVsAxLfnYEc7i8bYXv9rGi7c9pcsv0yXXZ7UYlym15xp\n",
            "public_key_pem": "-----BEGIN PUBLIC KEY-----\nMIIBIjANBgkqhkiG9w0BAQEFAAOCAQ8AMIIBCgKCAQEAreuHiQU2pIdQa9IVL+mP\nB8NDd9a0iIcqGLt/bW42k3lFnefU4dDFwIJ03ycqaF60X19UDlyeAiSpf1hrCZil\naqJmVwbWjF46D50cR1brCBy6ijpHrUwLcfpMX+DDEJussH+y1NRzeM5+f9aGvTPi\nUMZ4oH2Z9dxe7qEz/K9CE7rBIoPNPUIjvxlDqaBoQUqFoO4Su/DRYWCT7vnr5Agq\nOhjz+3otAZ6Z47I7rCz0UC9ty61NiAgdrRp6yQxuWDWZmrXi96fmU3MDk/lkBk32\nppRc8Vjuy8ew7gif4wpPUYlbAMS352BHO4vG2F7/axou3PaXLL9Ml12e1GJcptec\naQIDAQAB\n-----END PUBLIC KEY-----\n",
            "rsa_bits": 2048
          },
          "sensitive_attributes": [
            [
              {
                "type": "get_attr",
                "value": "private_key_openssh"
              }
            ],
            [
              {
                "type": "get_attr",
                "value": "private_key_pem"
              }
            ],
            [
              {
                "type": "get_attr",
                "value": "private_key_pem_pkcs8"
              }
            ]
          ],
          "identity_schema_version": 0
        }
      ]
    }
  ],
  "check_results": null
}
